// !$*UTF8*$!
{
	archiveVersion = 1;
	classes = {
	};
	objectVersion = 56;
	objects = {

/* Begin PBXBuildFile section */
		BEB156242BE5BBB40045885D /* WhatsAppCloneAppSwiftUIApp.swift in Sources */ = {isa = PBXBuildFile; fileRef = BEB156232BE5BBB40045885D /* WhatsAppCloneAppSwiftUIApp.swift */; };
		BEB156282BE5BBB70045885D /* Assets.xcassets in Resources */ = {isa = PBXBuildFile; fileRef = BEB156272BE5BBB70045885D /* Assets.xcassets */; };
		BEB1562B2BE5BBB70045885D /* Preview Assets.xcassets in Resources */ = {isa = PBXBuildFile; fileRef = BEB1562A2BE5BBB70045885D /* Preview Assets.xcassets */; };
		BEB156322BE5BE750045885D /* MainTabView.swift in Sources */ = {isa = PBXBuildFile; fileRef = BEB156312BE5BE750045885D /* MainTabView.swift */; };
		BEB156342BE5C65E0045885D /* UpdatesTabScreen.swift in Sources */ = {isa = PBXBuildFile; fileRef = BEB156332BE5C65E0045885D /* UpdatesTabScreen.swift */; };
		BEB156362BE5D3D10045885D /* CallsTabScreen.swift in Sources */ = {isa = PBXBuildFile; fileRef = BEB156352BE5D3D10045885D /* CallsTabScreen.swift */; };
		BEB156422BE62B620045885D /* CommunityTabScreen.swift in Sources */ = {isa = PBXBuildFile; fileRef = BEB156412BE62B620045885D /* CommunityTabScreen.swift */; };
		BEB156452BE6346D0045885D /* ChannelTabScreen.swift in Sources */ = {isa = PBXBuildFile; fileRef = BEB156442BE6346D0045885D /* ChannelTabScreen.swift */; };
		BEB156472BE63E420045885D /* ChannelItemView.swift in Sources */ = {isa = PBXBuildFile; fileRef = BEB156462BE63E420045885D /* ChannelItemView.swift */; };
		BEB1564A2BE6435C0045885D /* SettingsTabScreen.swift in Sources */ = {isa = PBXBuildFile; fileRef = BEB156492BE6435C0045885D /* SettingsTabScreen.swift */; };
		BEB1564C2BE644260045885D /* SettingsItemView.swift in Sources */ = {isa = PBXBuildFile; fileRef = BEB1564B2BE644260045885D /* SettingsItemView.swift */; };
		BEB1564F2BE645B80045885D /* SettingsItem.swift in Sources */ = {isa = PBXBuildFile; fileRef = BEB1564E2BE645B80045885D /* SettingsItem.swift */; };
		BEB156532BE6509E0045885D /* ChatRoomScreen.swift in Sources */ = {isa = PBXBuildFile; fileRef = BEB156522BE6509D0045885D /* ChatRoomScreen.swift */; };
		BEB156552BE6537E0045885D /* TextInputArea.swift in Sources */ = {isa = PBXBuildFile; fileRef = BEB156542BE6537E0045885D /* TextInputArea.swift */; };
		BEB156572BE65E660045885D /* MessageListController.swift in Sources */ = {isa = PBXBuildFile; fileRef = BEB156562BE65E660045885D /* MessageListController.swift */; };
		BEB156592BE662B10045885D /* MessageListView.swift in Sources */ = {isa = PBXBuildFile; fileRef = BEB156582BE662B10045885D /* MessageListView.swift */; };
		BEB1565C2BE666E40045885D /* MessageItem.swift in Sources */ = {isa = PBXBuildFile; fileRef = BEB1565B2BE666E40045885D /* MessageItem.swift */; };
		BEB1565E2BE667DB0045885D /* BubbleTextView.swift in Sources */ = {isa = PBXBuildFile; fileRef = BEB1565D2BE667DB0045885D /* BubbleTextView.swift */; };
		BEB156602BE668C10045885D /* BubbleTailView.swift in Sources */ = {isa = PBXBuildFile; fileRef = BEB1565F2BE668C10045885D /* BubbleTailView.swift */; };
		BEB156632BE66B190045885D /* CustomModifiers.swift in Sources */ = {isa = PBXBuildFile; fileRef = BEB156622BE66B190045885D /* CustomModifiers.swift */; };
/* End PBXBuildFile section */

/* Begin PBXFileReference section */
		BEB156202BE5BBB40045885D /* WhatsAppCloneAppSwiftUI.app */ = {isa = PBXFileReference; explicitFileType = wrapper.application; includeInIndex = 0; path = WhatsAppCloneAppSwiftUI.app; sourceTree = BUILT_PRODUCTS_DIR; };
		BEB156232BE5BBB40045885D /* WhatsAppCloneAppSwiftUIApp.swift */ = {isa = PBXFileReference; lastKnownFileType = sourcecode.swift; path = WhatsAppCloneAppSwiftUIApp.swift; sourceTree = "<group>"; };
		BEB156272BE5BBB70045885D /* Assets.xcassets */ = {isa = PBXFileReference; lastKnownFileType = folder.assetcatalog; path = Assets.xcassets; sourceTree = "<group>"; };
		BEB1562A2BE5BBB70045885D /* Preview Assets.xcassets */ = {isa = PBXFileReference; lastKnownFileType = folder.assetcatalog; path = "Preview Assets.xcassets"; sourceTree = "<group>"; };
		BEB156312BE5BE750045885D /* MainTabView.swift */ = {isa = PBXFileReference; lastKnownFileType = sourcecode.swift; path = MainTabView.swift; sourceTree = "<group>"; };
		BEB156332BE5C65E0045885D /* UpdatesTabScreen.swift */ = {isa = PBXFileReference; lastKnownFileType = sourcecode.swift; path = UpdatesTabScreen.swift; sourceTree = "<group>"; };
		BEB156352BE5D3D10045885D /* CallsTabScreen.swift */ = {isa = PBXFileReference; lastKnownFileType = sourcecode.swift; path = CallsTabScreen.swift; sourceTree = "<group>"; };
		BEB156412BE62B620045885D /* CommunityTabScreen.swift */ = {isa = PBXFileReference; lastKnownFileType = sourcecode.swift; path = CommunityTabScreen.swift; sourceTree = "<group>"; };
		BEB156442BE6346D0045885D /* ChannelTabScreen.swift */ = {isa = PBXFileReference; lastKnownFileType = sourcecode.swift; path = ChannelTabScreen.swift; sourceTree = "<group>"; };
		BEB156462BE63E420045885D /* ChannelItemView.swift */ = {isa = PBXFileReference; lastKnownFileType = sourcecode.swift; path = ChannelItemView.swift; sourceTree = "<group>"; };
		BEB156492BE6435C0045885D /* SettingsTabScreen.swift */ = {isa = PBXFileReference; lastKnownFileType = sourcecode.swift; path = SettingsTabScreen.swift; sourceTree = "<group>"; };
		BEB1564B2BE644260045885D /* SettingsItemView.swift */ = {isa = PBXFileReference; lastKnownFileType = sourcecode.swift; path = SettingsItemView.swift; sourceTree = "<group>"; };
		BEB1564E2BE645B80045885D /* SettingsItem.swift */ = {isa = PBXFileReference; lastKnownFileType = sourcecode.swift; path = SettingsItem.swift; sourceTree = "<group>"; };
		BEB156522BE6509D0045885D /* ChatRoomScreen.swift */ = {isa = PBXFileReference; lastKnownFileType = sourcecode.swift; path = ChatRoomScreen.swift; sourceTree = "<group>"; };
		BEB156542BE6537E0045885D /* TextInputArea.swift */ = {isa = PBXFileReference; lastKnownFileType = sourcecode.swift; path = TextInputArea.swift; sourceTree = "<group>"; };
		BEB156562BE65E660045885D /* MessageListController.swift */ = {isa = PBXFileReference; lastKnownFileType = sourcecode.swift; path = MessageListController.swift; sourceTree = "<group>"; };
		BEB156582BE662B10045885D /* MessageListView.swift */ = {isa = PBXFileReference; lastKnownFileType = sourcecode.swift; path = MessageListView.swift; sourceTree = "<group>"; };
		BEB1565B2BE666E40045885D /* MessageItem.swift */ = {isa = PBXFileReference; lastKnownFileType = sourcecode.swift; path = MessageItem.swift; sourceTree = "<group>"; };
		BEB1565D2BE667DB0045885D /* BubbleTextView.swift */ = {isa = PBXFileReference; lastKnownFileType = sourcecode.swift; path = BubbleTextView.swift; sourceTree = "<group>"; };
		BEB1565F2BE668C10045885D /* BubbleTailView.swift */ = {isa = PBXFileReference; lastKnownFileType = sourcecode.swift; path = BubbleTailView.swift; sourceTree = "<group>"; };
		BEB156622BE66B190045885D /* CustomModifiers.swift */ = {isa = PBXFileReference; lastKnownFileType = sourcecode.swift; path = CustomModifiers.swift; sourceTree = "<group>"; };
/* End PBXFileReference section */

/* Begin PBXFrameworksBuildPhase section */
		BEB1561D2BE5BBB40045885D /* Frameworks */ = {
			isa = PBXFrameworksBuildPhase;
			buildActionMask = 2147483647;
			files = (
			);
			runOnlyForDeploymentPostprocessing = 0;
		};
/* End PBXFrameworksBuildPhase section */

/* Begin PBXGroup section */
		BEB156172BE5BBB40045885D = {
			isa = PBXGroup;
			children = (
				BEB156222BE5BBB40045885D /* WhatsAppCloneAppSwiftUI */,
				BEB156212BE5BBB40045885D /* Products */,
			);
			sourceTree = "<group>";
		};
		BEB156212BE5BBB40045885D /* Products */ = {
			isa = PBXGroup;
			children = (
				BEB156202BE5BBB40045885D /* WhatsAppCloneAppSwiftUI.app */,
			);
			name = Products;
			sourceTree = "<group>";
		};
		BEB156222BE5BBB40045885D /* WhatsAppCloneAppSwiftUI */ = {
			isa = PBXGroup;
			children = (
				BEB156612BE66AFA0045885D /* Helpers */,
				BEB156372BE62A280045885D /* Screens */,
				BEB156232BE5BBB40045885D /* WhatsAppCloneAppSwiftUIApp.swift */,
				BEB156272BE5BBB70045885D /* Assets.xcassets */,
				BEB156292BE5BBB70045885D /* Preview Content */,
				BEB156312BE5BE750045885D /* MainTabView.swift */,
			);
			path = WhatsAppCloneAppSwiftUI;
			sourceTree = "<group>";
		};
		BEB156292BE5BBB70045885D /* Preview Content */ = {
			isa = PBXGroup;
			children = (
				BEB1562A2BE5BBB70045885D /* Preview Assets.xcassets */,
			);
			path = "Preview Content";
			sourceTree = "<group>";
		};
		BEB156372BE62A280045885D /* Screens */ = {
			isa = PBXGroup;
			children = (
				BEB156502BE650760045885D /* Chat */,
				BEB1563F2BE62ACD0045885D /* Settings */,
				BEB1563E2BE62ABD0045885D /* Channel */,
				BEB1563D2BE62AA10045885D /* Community */,
				BEB1563B2BE62A910045885D /* Calls */,
				BEB156382BE62A420045885D /* Updates */,
			);
			path = Screens;
			sourceTree = "<group>";
		};
		BEB156382BE62A420045885D /* Updates */ = {
			isa = PBXGroup;
			children = (
				BEB1563A2BE62A750045885D /* Views */,
			);
			path = Updates;
			sourceTree = "<group>";
		};
		BEB1563A2BE62A750045885D /* Views */ = {
			isa = PBXGroup;
			children = (
				BEB156332BE5C65E0045885D /* UpdatesTabScreen.swift */,
			);
			path = Views;
			sourceTree = "<group>";
		};
		BEB1563B2BE62A910045885D /* Calls */ = {
			isa = PBXGroup;
			children = (
				BEB1563C2BE62A980045885D /* Views */,
			);
			path = Calls;
			sourceTree = "<group>";
		};
		BEB1563C2BE62A980045885D /* Views */ = {
			isa = PBXGroup;
			children = (
				BEB156352BE5D3D10045885D /* CallsTabScreen.swift */,
			);
			path = Views;
			sourceTree = "<group>";
		};
		BEB1563D2BE62AA10045885D /* Community */ = {
			isa = PBXGroup;
			children = (
				BEB156402BE62AEC0045885D /* Views */,
			);
			path = Community;
			sourceTree = "<group>";
		};
		BEB1563E2BE62ABD0045885D /* Channel */ = {
			isa = PBXGroup;
			children = (
				BEB156432BE634610045885D /* Views */,
			);
			path = Channel;
			sourceTree = "<group>";
		};
		BEB1563F2BE62ACD0045885D /* Settings */ = {
			isa = PBXGroup;
			children = (
				BEB1564D2BE645990045885D /* Models */,
				BEB156482BE643410045885D /* Views */,
			);
			path = Settings;
			sourceTree = "<group>";
		};
		BEB156402BE62AEC0045885D /* Views */ = {
			isa = PBXGroup;
			children = (
				BEB156412BE62B620045885D /* CommunityTabScreen.swift */,
			);
			path = Views;
			sourceTree = "<group>";
		};
		BEB156432BE634610045885D /* Views */ = {
			isa = PBXGroup;
			children = (
				BEB156442BE6346D0045885D /* ChannelTabScreen.swift */,
				BEB156462BE63E420045885D /* ChannelItemView.swift */,
			);
			path = Views;
			sourceTree = "<group>";
		};
		BEB156482BE643410045885D /* Views */ = {
			isa = PBXGroup;
			children = (
				BEB156492BE6435C0045885D /* SettingsTabScreen.swift */,
				BEB1564B2BE644260045885D /* SettingsItemView.swift */,
			);
			path = Views;
			sourceTree = "<group>";
		};
		BEB1564D2BE645990045885D /* Models */ = {
			isa = PBXGroup;
			children = (
				BEB1564E2BE645B80045885D /* SettingsItem.swift */,
			);
			path = Models;
			sourceTree = "<group>";
		};
		BEB156502BE650760045885D /* Chat */ = {
			isa = PBXGroup;
			children = (
				BEB1565A2BE666D90045885D /* Models */,
				BEB156512BE650830045885D /* Views */,
			);
			path = Chat;
			sourceTree = "<group>";
		};
		BEB156512BE650830045885D /* Views */ = {
			isa = PBXGroup;
			children = (
				BEB156522BE6509D0045885D /* ChatRoomScreen.swift */,
				BEB156542BE6537E0045885D /* TextInputArea.swift */,
				BEB156562BE65E660045885D /* MessageListController.swift */,
				BEB156582BE662B10045885D /* MessageListView.swift */,
				BEB1565D2BE667DB0045885D /* BubbleTextView.swift */,
				BEB1565F2BE668C10045885D /* BubbleTailView.swift */,
			);
			path = Views;
			sourceTree = "<group>";
		};
		BEB1565A2BE666D90045885D /* Models */ = {
			isa = PBXGroup;
			children = (
				BEB1565B2BE666E40045885D /* MessageItem.swift */,
			);
			path = Models;
			sourceTree = "<group>";
		};
		BEB156612BE66AFA0045885D /* Helpers */ = {
			isa = PBXGroup;
			children = (
				BEB156622BE66B190045885D /* CustomModifiers.swift */,
			);
			path = Helpers;
			sourceTree = "<group>";
		};
/* End PBXGroup section */

/* Begin PBXNativeTarget section */
		BEB1561F2BE5BBB40045885D /* WhatsAppCloneAppSwiftUI */ = {
			isa = PBXNativeTarget;
			buildConfigurationList = BEB1562E2BE5BBB70045885D /* Build configuration list for PBXNativeTarget "WhatsAppCloneAppSwiftUI" */;
			buildPhases = (
				BEB1561C2BE5BBB40045885D /* Sources */,
				BEB1561D2BE5BBB40045885D /* Frameworks */,
				BEB1561E2BE5BBB40045885D /* Resources */,
			);
			buildRules = (
			);
			dependencies = (
			);
			name = WhatsAppCloneAppSwiftUI;
			productName = WhatsAppCloneAppSwiftUI;
			productReference = BEB156202BE5BBB40045885D /* WhatsAppCloneAppSwiftUI.app */;
			productType = "com.apple.product-type.application";
		};
/* End PBXNativeTarget section */

/* Begin PBXProject section */
		BEB156182BE5BBB40045885D /* Project object */ = {
			isa = PBXProject;
			attributes = {
				BuildIndependentTargetsInParallel = 1;
				LastSwiftUpdateCheck = 1530;
				LastUpgradeCheck = 1530;
				TargetAttributes = {
					BEB1561F2BE5BBB40045885D = {
						CreatedOnToolsVersion = 15.3;
					};
				};
			};
			buildConfigurationList = BEB1561B2BE5BBB40045885D /* Build configuration list for PBXProject "WhatsAppCloneAppSwiftUI" */;
			compatibilityVersion = "Xcode 14.0";
			developmentRegion = en;
			hasScannedForEncodings = 0;
			knownRegions = (
				en,
				Base,
			);
			mainGroup = BEB156172BE5BBB40045885D;
			productRefGroup = BEB156212BE5BBB40045885D /* Products */;
			projectDirPath = "";
			projectRoot = "";
			targets = (
				BEB1561F2BE5BBB40045885D /* WhatsAppCloneAppSwiftUI */,
			);
		};
/* End PBXProject section */

/* Begin PBXResourcesBuildPhase section */
		BEB1561E2BE5BBB40045885D /* Resources */ = {
			isa = PBXResourcesBuildPhase;
			buildActionMask = 2147483647;
			files = (
				BEB1562B2BE5BBB70045885D /* Preview Assets.xcassets in Resources */,
				BEB156282BE5BBB70045885D /* Assets.xcassets in Resources */,
			);
			runOnlyForDeploymentPostprocessing = 0;
		};
/* End PBXResourcesBuildPhase section */

/* Begin PBXSourcesBuildPhase section */
		BEB1561C2BE5BBB40045885D /* Sources */ = {
			isa = PBXSourcesBuildPhase;
			buildActionMask = 2147483647;
			files = (
				BEB156342BE5C65E0045885D /* UpdatesTabScreen.swift in Sources */,
				BEB156362BE5D3D10045885D /* CallsTabScreen.swift in Sources */,
				BEB1564A2BE6435C0045885D /* SettingsTabScreen.swift in Sources */,
				BEB156422BE62B620045885D /* CommunityTabScreen.swift in Sources */,
				BEB156572BE65E660045885D /* MessageListController.swift in Sources */,
				BEB156552BE6537E0045885D /* TextInputArea.swift in Sources */,
				BEB156602BE668C10045885D /* BubbleTailView.swift in Sources */,
				BEB156452BE6346D0045885D /* ChannelTabScreen.swift in Sources */,
				BEB156242BE5BBB40045885D /* WhatsAppCloneAppSwiftUIApp.swift in Sources */,
				BEB156592BE662B10045885D /* MessageListView.swift in Sources */,
				BEB156532BE6509E0045885D /* ChatRoomScreen.swift in Sources */,
				BEB1564C2BE644260045885D /* SettingsItemView.swift in Sources */,
				BEB1565E2BE667DB0045885D /* BubbleTextView.swift in Sources */,
				BEB1565C2BE666E40045885D /* MessageItem.swift in Sources */,
				BEB156472BE63E420045885D /* ChannelItemView.swift in Sources */,
				BEB156632BE66B190045885D /* CustomModifiers.swift in Sources */,
				BEB156322BE5BE750045885D /* MainTabView.swift in Sources */,
				BEB1564F2BE645B80045885D /* SettingsItem.swift in Sources */,
			);
			runOnlyForDeploymentPostprocessing = 0;
		};
/* End PBXSourcesBuildPhase section */

/* Begin XCBuildConfiguration section */
		BEB1562C2BE5BBB70045885D /* Debug */ = {
			isa = XCBuildConfiguration;
			buildSettings = {
				ALWAYS_SEARCH_USER_PATHS = NO;
				ASSETCATALOG_COMPILER_GENERATE_SWIFT_ASSET_SYMBOL_EXTENSIONS = YES;
				CLANG_ANALYZER_NONNULL = YES;
				CLANG_ANALYZER_NUMBER_OBJECT_CONVERSION = YES_AGGRESSIVE;
				CLANG_CXX_LANGUAGE_STANDARD = "gnu++20";
				CLANG_ENABLE_MODULES = YES;
				CLANG_ENABLE_OBJC_ARC = YES;
				CLANG_ENABLE_OBJC_WEAK = YES;
				CLANG_WARN_BLOCK_CAPTURE_AUTORELEASING = YES;
				CLANG_WARN_BOOL_CONVERSION = YES;
				CLANG_WARN_COMMA = YES;
				CLANG_WARN_CONSTANT_CONVERSION = YES;
				CLANG_WARN_DEPRECATED_OBJC_IMPLEMENTATIONS = YES;
				CLANG_WARN_DIRECT_OBJC_ISA_USAGE = YES_ERROR;
				CLANG_WARN_DOCUMENTATION_COMMENTS = YES;
				CLANG_WARN_EMPTY_BODY = YES;
				CLANG_WARN_ENUM_CONVERSION = YES;
				CLANG_WARN_INFINITE_RECURSION = YES;
				CLANG_WARN_INT_CONVERSION = YES;
				CLANG_WARN_NON_LITERAL_NULL_CONVERSION = YES;
				CLANG_WARN_OBJC_IMPLICIT_RETAIN_SELF = YES;
				CLANG_WARN_OBJC_LITERAL_CONVERSION = YES;
				CLANG_WARN_OBJC_ROOT_CLASS = YES_ERROR;
				CLANG_WARN_QUOTED_INCLUDE_IN_FRAMEWORK_HEADER = YES;
				CLANG_WARN_RANGE_LOOP_ANALYSIS = YES;
				CLANG_WARN_STRICT_PROTOTYPES = YES;
				CLANG_WARN_SUSPICIOUS_MOVE = YES;
				CLANG_WARN_UNGUARDED_AVAILABILITY = YES_AGGRESSIVE;
				CLANG_WARN_UNREACHABLE_CODE = YES;
				CLANG_WARN__DUPLICATE_METHOD_MATCH = YES;
				COPY_PHASE_STRIP = NO;
				DEBUG_INFORMATION_FORMAT = dwarf;
				ENABLE_STRICT_OBJC_MSGSEND = YES;
				ENABLE_TESTABILITY = YES;
				ENABLE_USER_SCRIPT_SANDBOXING = YES;
				GCC_C_LANGUAGE_STANDARD = gnu17;
				GCC_DYNAMIC_NO_PIC = NO;
				GCC_NO_COMMON_BLOCKS = YES;
				GCC_OPTIMIZATION_LEVEL = 0;
				GCC_PREPROCESSOR_DEFINITIONS = (
					"DEBUG=1",
					"$(inherited)",
				);
				GCC_WARN_64_TO_32_BIT_CONVERSION = YES;
				GCC_WARN_ABOUT_RETURN_TYPE = YES_ERROR;
				GCC_WARN_UNDECLARED_SELECTOR = YES;
				GCC_WARN_UNINITIALIZED_AUTOS = YES_AGGRESSIVE;
				GCC_WARN_UNUSED_FUNCTION = YES;
				GCC_WARN_UNUSED_VARIABLE = YES;
				IPHONEOS_DEPLOYMENT_TARGET = 17.4;
				LOCALIZATION_PREFERS_STRING_CATALOGS = YES;
				MTL_ENABLE_DEBUG_INFO = INCLUDE_SOURCE;
				MTL_FAST_MATH = YES;
				ONLY_ACTIVE_ARCH = YES;
				SDKROOT = iphoneos;
				SWIFT_ACTIVE_COMPILATION_CONDITIONS = "DEBUG $(inherited)";
				SWIFT_OPTIMIZATION_LEVEL = "-Onone";
			};
			name = Debug;
		};
		BEB1562D2BE5BBB70045885D /* Release */ = {
			isa = XCBuildConfiguration;
			buildSettings = {
				ALWAYS_SEARCH_USER_PATHS = NO;
				ASSETCATALOG_COMPILER_GENERATE_SWIFT_ASSET_SYMBOL_EXTENSIONS = YES;
				CLANG_ANALYZER_NONNULL = YES;
				CLANG_ANALYZER_NUMBER_OBJECT_CONVERSION = YES_AGGRESSIVE;
				CLANG_CXX_LANGUAGE_STANDARD = "gnu++20";
				CLANG_ENABLE_MODULES = YES;
				CLANG_ENABLE_OBJC_ARC = YES;
				CLANG_ENABLE_OBJC_WEAK = YES;
				CLANG_WARN_BLOCK_CAPTURE_AUTORELEASING = YES;
				CLANG_WARN_BOOL_CONVERSION = YES;
				CLANG_WARN_COMMA = YES;
				CLANG_WARN_CONSTANT_CONVERSION = YES;
				CLANG_WARN_DEPRECATED_OBJC_IMPLEMENTATIONS = YES;
				CLANG_WARN_DIRECT_OBJC_ISA_USAGE = YES_ERROR;
				CLANG_WARN_DOCUMENTATION_COMMENTS = YES;
				CLANG_WARN_EMPTY_BODY = YES;
				CLANG_WARN_ENUM_CONVERSION = YES;
				CLANG_WARN_INFINITE_RECURSION = YES;
				CLANG_WARN_INT_CONVERSION = YES;
				CLANG_WARN_NON_LITERAL_NULL_CONVERSION = YES;
				CLANG_WARN_OBJC_IMPLICIT_RETAIN_SELF = YES;
				CLANG_WARN_OBJC_LITERAL_CONVERSION = YES;
				CLANG_WARN_OBJC_ROOT_CLASS = YES_ERROR;
				CLANG_WARN_QUOTED_INCLUDE_IN_FRAMEWORK_HEADER = YES;
				CLANG_WARN_RANGE_LOOP_ANALYSIS = YES;
				CLANG_WARN_STRICT_PROTOTYPES = YES;
				CLANG_WARN_SUSPICIOUS_MOVE = YES;
				CLANG_WARN_UNGUARDED_AVAILABILITY = YES_AGGRESSIVE;
				CLANG_WARN_UNREACHABLE_CODE = YES;
				CLANG_WARN__DUPLICATE_METHOD_MATCH = YES;
				COPY_PHASE_STRIP = NO;
				DEBUG_INFORMATION_FORMAT = "dwarf-with-dsym";
				ENABLE_NS_ASSERTIONS = NO;
				ENABLE_STRICT_OBJC_MSGSEND = YES;
				ENABLE_USER_SCRIPT_SANDBOXING = YES;
				GCC_C_LANGUAGE_STANDARD = gnu17;
				GCC_NO_COMMON_BLOCKS = YES;
				GCC_WARN_64_TO_32_BIT_CONVERSION = YES;
				GCC_WARN_ABOUT_RETURN_TYPE = YES_ERROR;
				GCC_WARN_UNDECLARED_SELECTOR = YES;
				GCC_WARN_UNINITIALIZED_AUTOS = YES_AGGRESSIVE;
				GCC_WARN_UNUSED_FUNCTION = YES;
				GCC_WARN_UNUSED_VARIABLE = YES;
				IPHONEOS_DEPLOYMENT_TARGET = 17.4;
				LOCALIZATION_PREFERS_STRING_CATALOGS = YES;
				MTL_ENABLE_DEBUG_INFO = NO;
				MTL_FAST_MATH = YES;
				SDKROOT = iphoneos;
				SWIFT_COMPILATION_MODE = wholemodule;
				VALIDATE_PRODUCT = YES;
			};
			name = Release;
		};
		BEB1562F2BE5BBB70045885D /* Debug */ = {
			isa = XCBuildConfiguration;
			buildSettings = {
				ASSETCATALOG_COMPILER_APPICON_NAME = AppIcon;
				ASSETCATALOG_COMPILER_GLOBAL_ACCENT_COLOR_NAME = AccentColor;
				CODE_SIGN_STYLE = Automatic;
				CURRENT_PROJECT_VERSION = 1;
				DEVELOPMENT_ASSET_PATHS = "\"WhatsAppCloneAppSwiftUI/Preview Content\"";
				DEVELOPMENT_TEAM = 2ZDN9WVFBD;
				ENABLE_PREVIEWS = YES;
				GENERATE_INFOPLIST_FILE = YES;
				INFOPLIST_KEY_UIApplicationSceneManifest_Generation = YES;
				INFOPLIST_KEY_UIApplicationSupportsIndirectInputEvents = YES;
				INFOPLIST_KEY_UILaunchScreen_Generation = YES;
				INFOPLIST_KEY_UISupportedInterfaceOrientations_iPad = "UIInterfaceOrientationPortrait UIInterfaceOrientationPortraitUpsideDown UIInterfaceOrientationLandscapeLeft UIInterfaceOrientationLandscapeRight";
				INFOPLIST_KEY_UISupportedInterfaceOrientations_iPhone = "UIInterfaceOrientationPortrait UIInterfaceOrientationLandscapeLeft UIInterfaceOrientationLandscapeRight";
				LD_RUNPATH_SEARCH_PATHS = (
					"$(inherited)",
					"@executable_path/Frameworks",
				);
				MARKETING_VERSION = 1.0;
				PRODUCT_BUNDLE_IDENTIFIER = com.alicantarim.WhatsAppCloneAppSwiftUI;
				PRODUCT_NAME = "$(TARGET_NAME)";
				SWIFT_EMIT_LOC_STRINGS = YES;
				SWIFT_VERSION = 5.0;
				TARGETED_DEVICE_FAMILY = "1,2";
			};
			name = Debug;
		};
		BEB156302BE5BBB70045885D /* Release */ = {
			isa = XCBuildConfiguration;
			buildSettings = {
				ASSETCATALOG_COMPILER_APPICON_NAME = AppIcon;
				ASSETCATALOG_COMPILER_GLOBAL_ACCENT_COLOR_NAME = AccentColor;
				CODE_SIGN_STYLE = Automatic;
				CURRENT_PROJECT_VERSION = 1;
				DEVELOPMENT_ASSET_PATHS = "\"WhatsAppCloneAppSwiftUI/Preview Content\"";
				DEVELOPMENT_TEAM = 2ZDN9WVFBD;
				ENABLE_PREVIEWS = YES;
				GENERATE_INFOPLIST_FILE = YES;
				INFOPLIST_KEY_UIApplicationSceneManifest_Generation = YES;
				INFOPLIST_KEY_UIApplicationSupportsIndirectInputEvents = YES;
				INFOPLIST_KEY_UILaunchScreen_Generation = YES;
				INFOPLIST_KEY_UISupportedInterfaceOrientations_iPad = "UIInterfaceOrientationPortrait UIInterfaceOrientationPortraitUpsideDown UIInterfaceOrientationLandscapeLeft UIInterfaceOrientationLandscapeRight";
				INFOPLIST_KEY_UISupportedInterfaceOrientations_iPhone = "UIInterfaceOrientationPortrait UIInterfaceOrientationLandscapeLeft UIInterfaceOrientationLandscapeRight";
				LD_RUNPATH_SEARCH_PATHS = (
					"$(inherited)",
					"@executable_path/Frameworks",
				);
				MARKETING_VERSION = 1.0;
				PRODUCT_BUNDLE_IDENTIFIER = com.alicantarim.WhatsAppCloneAppSwiftUI;
				PRODUCT_NAME = "$(TARGET_NAME)";
				SWIFT_EMIT_LOC_STRINGS = YES;
				SWIFT_VERSION = 5.0;
				TARGETED_DEVICE_FAMILY = "1,2";
			};
			name = Release;
		};
/* End XCBuildConfiguration section */

/* Begin XCConfigurationList section */
		BEB1561B2BE5BBB40045885D /* Build configuration list for PBXProject "WhatsAppCloneAppSwiftUI" */ = {
			isa = XCConfigurationList;
			buildConfigurations = (
				BEB1562C2BE5BBB70045885D /* Debug */,
				BEB1562D2BE5BBB70045885D /* Release */,
			);
			defaultConfigurationIsVisible = 0;
			defaultConfigurationName = Release;
		};
		BEB1562E2BE5BBB70045885D /* Build configuration list for PBXNativeTarget "WhatsAppCloneAppSwiftUI" */ = {
			isa = XCConfigurationList;
			buildConfigurations = (
				BEB1562F2BE5BBB70045885D /* Debug */,
				BEB156302BE5BBB70045885D /* Release */,
			);
			defaultConfigurationIsVisible = 0;
			defaultConfigurationName = Release;
		};
/* End XCConfigurationList section */
	};
	rootObject = BEB156182BE5BBB40045885D /* Project object */;
}
